alembic==1.20.0
    # via
    #   -c requirements.lock
    #   -r requirements.txt
annotated-doc==0.0.5
    # via
    #   -c requirements.lock
    #   fastapi
annotated-types==0.8.0
    # via
    #   -c requirements.lock
    #   pydantic
anyio==4.15.1
    # via
    #   -c requirements.lock
    #   httpx
    #   httpx2
    #   starlette
    #   watchfiles
argcomplete==3.7.2
    # via commitizen
argon2-cffi==25.1.0
    # via
    #   -c requirements.lock
    #   pwdlib
argon2-cffi-bindings==26.1.0
    # via
    #   -c requirements.lock
    #   argon2-cffi
asyncpg==0.31.0
    # via
    #   -c requirements.lock
    #   -r requirements.txt
certifi==2026.7.22
    # via
    #   httpcore
    #   httpx
cffi==2.1.1
    # via
    #   -c requirements.lock
    #   argon2-cffi-bindings
cfgv==3.5.0
    # via pre-commit
charset-normalizer==3.5.1
    # via commitizen
click==8.5.0
    # via
    #   -c requirements.lock
    #   uvicorn
colorama==0.4.6
    # via commitizen
commitizen==4.19.0
    # via -r requirements-dev.txt
croniter==6.2.4
    # via
    #   -c requirements.lock
    #   -r requirements.txt
cssselect==1.5.0
    # via
    #   -c requirements.lock
    #   -r requirements.txt
decli==0.6.3
    # via commitizen
deprecated==1.3.1
    # via commitizen
distlib==0.4.3
    # via virtualenv
dnspython==2.8.0
    # via
    #   -c requirements.lock
    #   email-validator
email-validator==2.3.0
    # via
    #   -c requirements.lock
    #   pydantic
execnet==2.1.2
    # via pytest-xdist
fastapi==0.141.1
    # via
    #   -c requirements.lock
    #   -r requirements.txt
filelock==4.0.3
    # via
    #   python-discovery
    #   virtualenv
greenlet==3.5.6
    # via
    #   -c requirements.lock
    #   sqlalchemy
h11==0.16.0
    # via
    #   -c requirements.lock
    #   httpcore
    #   httpcore2
    #   uvicorn
httpcore==1.0.9
    # via httpx
httpcore2==2.13.1
    # via
    #   -c requirements.lock
    #   httpx2
httptools==0.8.0
    # via
    #   -c requirements.lock
    #   uvicorn
httpx==0.28.1
    # via -r requirements-dev.txt
httpx2==2.13.1
    # via
    #   -c requirements.lock
    #   -r requirements.txt
    #   typesafe-sdk
identify==2.6.19
    # via pre-commit
idna==3.20
    # via
    #   -c requirements.lock
    #   anyio
    #   email-validator
    #   httpx
    #   httpx2
iniconfig==2.3.0
    # via pytest
jinja2==3.1.6
    # via commitizen
lxml==6.1.3
    # via
    #   -c requirements.lock
    #   -r requirements.txt
mako==1.4.3
    # via
    #   -c requirements.lock
    #   alembic
markupsafe==3.0.3
    # via
    #   -c requirements.lock
    #   jinja2
    #   mako
nodeenv==1.10.0
    # via pre-commit
packaging==26.3
    # via
    #   commitizen
    #   pytest
platformdirs==4.11.13
    # via virtualenv
pluggy==1.6.0
    # via pytest
pre-commit==4.6.2
    # via -r requirements-dev.txt
prompt-toolkit==3.0.53
    # via
    #   commitizen
    #   questionary
pwdlib==0.3.1
    # via
    #   -c requirements.lock
    #   -r requirements.txt
pycparser==3.0
    # via
    #   -c requirements.lock
    #   cffi
pydantic==2.13.5
    # via
    #   -c requirements.lock
    #   -r requirements.txt
    #   fastapi
    #   pydantic-settings
    #   typesafe-sdk
pydantic-core==2.46.5
    # via
    #   -c requirements.lock
    #   pydantic
    #   typesafe-sdk
pydantic-settings==2.15.0
    # via
    #   -c requirements.lock
    #   -r requirements.txt
pygments==2.21.0
    # via pytest
pyjwt==2.15.0
    # via
    #   -c requirements.lock
    #   -r requirements.txt
pytest==8.4.2
    # via
    #   -r requirements-dev.txt
    #   pytest-xdist
pytest-xdist==3.8.0
    # via -r requirements-dev.txt
python-dateutil==2.9.0.post0
    # via
    #   -c requirements.lock
    #   croniter
python-discovery==1.6.1
    # via virtualenv
python-dotenv==1.2.3
    # via
    #   -c requirements.lock
    #   pydantic-settings
    #   uvicorn
pyyaml==6.0.3
    # via
    #   -c requirements.lock
    #   commitizen
    #   pre-commit
    #   uvicorn
questionary==2.1.1
    # via commitizen
ruff==0.16.9
    # via -r requirements-dev.txt
six==1.17.0
    # via
    #   -c requirements.lock
    #   python-dateutil
socksio==1.0.0
    # via
    #   -c requirements.lock
    #   -r requirements.txt
sqlalchemy==2.1.0
    # via
    #   -c requirements.lock
    #   -r requirements.txt
    #   alembic
starlette==1.7.0
    # via
    #   -c requirements.lock
    #   fastapi
tenacity==9.1.4
    # via
    #   -c requirements.lock
    #   typesafe-sdk
termcolor==3.3.0
    # via commitizen
tomlkit==0.15.1
    # via commitizen
truststore==0.10.4
    # via
    #   -c requirements.lock
    #   httpcore2
    #   httpx2
typesafe-sdk==0.7.1
    # via
    #   -c requirements.lock
    #   -r requirements.txt
typing-extensions==4.16.0
    # via
    #   -c requirements.lock
    #   alembic
    #   anyio
    #   fastapi
    #   httpx2
    #   pydantic
    #   pydantic-core
    #   sqlalchemy
    #   starlette
    #   typesafe-sdk
    #   typing-inspection
typing-inspection==0.4.4
    # via
    #   -c requirements.lock
    #   fastapi
    #   pydantic
    #   pydantic-settings
uvicorn==0.54.0
    # via
    #   -c requirements.lock
    #   -r requirements.txt
uvloop==0.22.1
    # via
    #   -c requirements.lock
    #   uvicorn
virtualenv==21.12.1
    # via pre-commit
watchfiles==1.3.0
    # via
    #   -c requirements.lock
    #   uvicorn
wcwidth==0.9.1
    # via prompt-toolkit
websockets==17.1
    # via
    #   -c requirements.lock
    #   uvicorn
wrapt==2.4.1
    # via deprecated
